
Microsoft Visual Studio Solution File, Format Version 12.00
#
Project("{FAE04EC0-301F-11D3-BF4B-00C04F79EFBC}") = "RL.Environments", "RL.Environments\RL.Environments.csproj", "{D28A3EA9-44AC-4B63-9571-0B8F0DB9EF1B}"
EndProject
Project("{FAE04EC0-301F-11D3-BF4B-00C04F79EFBC}") = "RL.Generators", "RL.Generators\RL.Generators.csproj", "{65B69547-D711-413C-A4BF-60ED91B0FBFD}"
EndProject
Project("{FAE04EC0-301F-11D3-BF4B-00C04F79EFBC}") = "RL.Generators.Tests", "RL.Generators.Tests\RL.Generators.Tests.csproj", "{45E70EA8-BCCC-4107-8BC4-A7115A3A94CC}"
EndProject
Project("{FAE04EC0-301F-11D3-BF4B-00C04F79EFBC}") = "RL.Random", "RL.Random\RL.Random.csproj", "{CA860342-DF56-4ACF-ADAC-E753946BB825}"
EndProject
Project("{FAE04EC0-301F-11D3-BF4B-00C04F79EFBC}") = "RL.Toy", "RL.Toy\RL.Toy.csproj", "{9DAA3FDC-D3FA-4F00-AB54-876DE9657E87}"
EndProject
Project("{FAE04EC0-301F-11D3-BF4B-00C04F79EFBC}") = "RL.Plot", "RL.Plot\RL.Plot.csproj", "{E335BE34-8D0D-4F93-BC55-B6A19BCDDE47}"
EndProject
Project("{FAE04EC0-301F-11D3-BF4B-00C04F79EFBC}") = "RL.Runner", "RL.Runner\RL.Runner.csproj", "{C31FF383-A7F0-49CD-B379-7D16017D55D7}"
EndProject
Project("{FAE04EC0-301F-11D3-BF4B-00C04F79EFBC}") = "RL.Random.Tests", "RL.Random.Tests\RL.Random.Tests.csproj", "{1190B133-6336-4A71-8486-33ABB2B63505}"
EndProject
Project("{FAE04EC0-301F-11D3-BF4B-00C04F79EFBC}") = "RL.Tests.Console", "RL.Tests.Console\RL.Tests.Console.csproj", "{53EFC75A-5E34-4C22-86E0-75D01134ED7F}"
EndProject
Project("{FAE04EC0-301F-11D3-BF4B-00C04F79EFBC}") = "RL.Toy.Tests", "RL.Toy.Tests\RL.Toy.Tests.csproj", "{9C1B5E4C-63F9-45E6-B99E-6BA81F9F8DA1}"
EndProject
Project("{2150E333-8FDC-42A3-9474-1A3956D46DE8}") = "Environments", "Environments", "{86DBC081-CFDB-4FBF-9123-B82418024BFA}"
EndProject
Project("{2150E333-8FDC-42A3-9474-1A3956D46DE8}") = "Core", "Core", "{22C52158-ACF2-4BE9-866E-FC4DADF01B5F}"
EndProject
Project("{2150E333-8FDC-42A3-9474-1A3956D46DE8}") = "Tests", "Tests", "{C0CFD1C4-85BD-4448-8A43-585AAEA7FA30}"
EndProject
Project("{2150E333-8FDC-42A3-9474-1A3956D46DE8}") = "Utilities", "Utilities", "{0929A0FB-454B-4181-9C99-C0DDC6F40F9C}"
EndProject
Project("{2150E333-8FDC-42A3-9474-1A3956D46DE8}") = "Tests", "Tests", "{2B3D8017-04E7-4286-BFA7-FA1DC12CFA26}"
EndProject
Project("{FAE04EC0-301F-11D3-BF4B-00C04F79EFBC}") = "RL.MDArrays", "RL.MDArrays\RL.MDArrays.csproj", "{94BEE761-935F-43C1-84A7-B3C94B6B859B}"
EndProject
Project("{FAE04EC0-301F-11D3-BF4B-00C04F79EFBC}") = "RL.Core", "RL.Core\RL.Core.csproj", "{6ABB42E0-0E6B-47C2-8C4F-18C8BFD77C54}"
EndProject
Project("{FAE04EC0-301F-11D3-BF4B-00C04F79EFBC}") = "RL.Algorithms", "RL.Algorithms\RL.Algorithms.csproj", "{BCEEC93A-ECA3-41E9-94BC-E47E0EE80654}"
EndProject
Project("{FAE04EC0-301F-11D3-BF4B-00C04F79EFBC}") = "RL.Classic", "RL.Classic\RL.Classic.csproj", "{35EB1C03-3A92-4E86-8A5B-1CEA58BE603B}"
EndProject
Project("{FAE04EC0-301F-11D3-BF4B-00C04F79EFBC}") = "RL.Core.Tests", "RL.Core.Tests\RL.Core.Tests.csproj", "{B0A595CB-232D-4DEA-B242-F080263CE79C}"
EndProject
Project("{FAE04EC0-301F-11D3-BF4B-00C04F79EFBC}") = "RL.Progress", "RL.Progress\RL.Progress.csproj", "{78F0313C-0E10-491B-BE19-0AB64B743E7E}"
EndProject
Project("{FAE04EC0-301F-11D3-BF4B-00C04F79EFBC}") = "RL.Box2D", "RL.Box2D\RL.Box2D.csproj", "{55CC9BBC-DDDD-4577-A1C7-45EA2B611C26}"
EndProject
Project("{FAE04EC0-301F-11D3-BF4B-00C04F79EFBC}") = "RL.RunnerLab", "RL.RunnerLab\RL.RunnerLab.csproj", "{0430CFDE-506D-4B87-A564-D357A2BD8F0D}"
EndProject
Project("{2150E333-8FDC-42A3-9474-1A3956D46DE8}") = "Files", "Files", "{718259ED-1DB9-44DA-A0E2-B3433C0CEDA8}"
	ProjectSection(SolutionItems) = preProject
		.gitignore = .gitignore
		LICENSE = LICENSE
		README.md = README.md
	EndProjectSection
EndProject
Global
	GlobalSection(SolutionConfigurationPlatforms) = preSolution
		Debug|Any CPU = Debug|Any CPU
		Release|Any CPU = Release|Any CPU
	EndGlobalSection
	GlobalSection(ProjectConfigurationPlatforms) = postSolution
		{D28A3EA9-44AC-4B63-9571-0B8F0DB9EF1B}.Debug|Any CPU.ActiveCfg = Debug|Any CPU
		{D28A3EA9-44AC-4B63-9571-0B8F0DB9EF1B}.Debug|Any CPU.Build.0 = Debug|Any CPU
		{D28A3EA9-44AC-4B63-9571-0B8F0DB9EF1B}.Release|Any CPU.ActiveCfg = Release|Any CPU
		{D28A3EA9-44AC-4B63-9571-0B8F0DB9EF1B}.Release|Any CPU.Build.0 = Release|Any CPU
		{65B69547-D711-413C-A4BF-60ED91B0FBFD}.Debug|Any CPU.ActiveCfg = Debug|Any CPU
		{65B69547-D711-413C-A4BF-60ED91B0FBFD}.Debug|Any CPU.Build.0 = Debug|Any CPU
		{65B69547-D711-413C-A4BF-60ED91B0FBFD}.Release|Any CPU.ActiveCfg = Release|Any CPU
		{65B69547-D711-413C-A4BF-60ED91B0FBFD}.Release|Any CPU.Build.0 = Release|Any CPU
		{45E70EA8-BCCC-4107-8BC4-A7115A3A94CC}.Debug|Any CPU.ActiveCfg = Debug|Any CPU
		{45E70EA8-BCCC-4107-8BC4-A7115A3A94CC}.Debug|Any CPU.Build.0 = Debug|Any CPU
		{45E70EA8-BCCC-4107-8BC4-A7115A3A94CC}.Release|Any CPU.ActiveCfg = Release|Any CPU
		{45E70EA8-BCCC-4107-8BC4-A7115A3A94CC}.Release|Any CPU.Build.0 = Release|Any CPU
		{CA860342-DF56-4ACF-ADAC-E753946BB825}.Debug|Any CPU.ActiveCfg = Debug|Any CPU
		{CA860342-DF56-4ACF-ADAC-E753946BB825}.Debug|Any CPU.Build.0 = Debug|Any CPU
		{CA860342-DF56-4ACF-ADAC-E753946BB825}.Release|Any CPU.ActiveCfg = Release|Any CPU
		{CA860342-DF56-4ACF-ADAC-E753946BB825}.Release|Any CPU.Build.0 = Release|Any CPU
		{9DAA3FDC-D3FA-4F00-AB54-876DE9657E87}.Debug|Any CPU.ActiveCfg = Debug|Any CPU
		{9DAA3FDC-D3FA-4F00-AB54-876DE9657E87}.Debug|Any CPU.Build.0 = Debug|Any CPU
		{9DAA3FDC-D3FA-4F00-AB54-876DE9657E87}.Release|Any CPU.ActiveCfg = Release|Any CPU
		{9DAA3FDC-D3FA-4F00-AB54-876DE9657E87}.Release|Any CPU.Build.0 = Release|Any CPU
		{E335BE34-8D0D-4F93-BC55-B6A19BCDDE47}.Debug|Any CPU.ActiveCfg = Debug|Any CPU
		{E335BE34-8D0D-4F93-BC55-B6A19BCDDE47}.Debug|Any CPU.Build.0 = Debug|Any CPU
		{E335BE34-8D0D-4F93-BC55-B6A19BCDDE47}.Release|Any CPU.ActiveCfg = Release|Any CPU
		{E335BE34-8D0D-4F93-BC55-B6A19BCDDE47}.Release|Any CPU.Build.0 = Release|Any CPU
		{C31FF383-A7F0-49CD-B379-7D16017D55D7}.Debug|Any CPU.ActiveCfg = Debug|Any CPU
		{C31FF383-A7F0-49CD-B379-7D16017D55D7}.Debug|Any CPU.Build.0 = Debug|Any CPU
		{C31FF383-A7F0-49CD-B379-7D16017D55D7}.Release|Any CPU.ActiveCfg = Release|Any CPU
		{C31FF383-A7F0-49CD-B379-7D16017D55D7}.Release|Any CPU.Build.0 = Release|Any CPU
		{1190B133-6336-4A71-8486-33ABB2B63505}.Debug|Any CPU.ActiveCfg = Debug|Any CPU
		{1190B133-6336-4A71-8486-33ABB2B63505}.Debug|Any CPU.Build.0 = Debug|Any CPU
		{1190B133-6336-4A71-8486-33ABB2B63505}.Release|Any CPU.ActiveCfg = Release|Any CPU
		{1190B133-6336-4A71-8486-33ABB2B63505}.Release|Any CPU.Build.0 = Release|Any CPU
		{53EFC75A-5E34-4C22-86E0-75D01134ED7F}.Debug|Any CPU.ActiveCfg = Debug|Any CPU
		{53EFC75A-5E34-4C22-86E0-75D01134ED7F}.Debug|Any CPU.Build.0 = Debug|Any CPU
		{53EFC75A-5E34-4C22-86E0-75D01134ED7F}.Release|Any CPU.ActiveCfg = Release|Any CPU
		{53EFC75A-5E34-4C22-86E0-75D01134ED7F}.Release|Any CPU.Build.0 = Release|Any CPU
		{9C1B5E4C-63F9-45E6-B99E-6BA81F9F8DA1}.Debug|Any CPU.ActiveCfg = Debug|Any CPU
		{9C1B5E4C-63F9-45E6-B99E-6BA81F9F8DA1}.Debug|Any CPU.Build.0 = Debug|Any CPU
		{9C1B5E4C-63F9-45E6-B99E-6BA81F9F8DA1}.Release|Any CPU.ActiveCfg = Release|Any CPU
		{9C1B5E4C-63F9-45E6-B99E-6BA81F9F8DA1}.Release|Any CPU.Build.0 = Release|Any CPU
		{94BEE761-935F-43C1-84A7-B3C94B6B859B}.Debug|Any CPU.ActiveCfg = Debug|Any CPU
		{94BEE761-935F-43C1-84A7-B3C94B6B859B}.Debug|Any CPU.Build.0 = Debug|Any CPU
		{94BEE761-935F-43C1-84A7-B3C94B6B859B}.Release|Any CPU.ActiveCfg = Release|Any CPU
		{94BEE761-935F-43C1-84A7-B3C94B6B859B}.Release|Any CPU.Build.0 = Release|Any CPU
		{6ABB42E0-0E6B-47C2-8C4F-18C8BFD77C54}.Debug|Any CPU.ActiveCfg = Debug|Any CPU
		{6ABB42E0-0E6B-47C2-8C4F-18C8BFD77C54}.Debug|Any CPU.Build.0 = Debug|Any CPU
		{6ABB42E0-0E6B-47C2-8C4F-18C8BFD77C54}.Release|Any CPU.ActiveCfg = Release|Any CPU
		{6ABB42E0-0E6B-47C2-8C4F-18C8BFD77C54}.Release|Any CPU.Build.0 = Release|Any CPU
		{BCEEC93A-ECA3-41E9-94BC-E47E0EE80654}.Debug|Any CPU.ActiveCfg = Debug|Any CPU
		{BCEEC93A-ECA3-41E9-94BC-E47E0EE80654}.Debug|Any CPU.Build.0 = Debug|Any CPU
		{BCEEC93A-ECA3-41E9-94BC-E47E0EE80654}.Release|Any CPU.ActiveCfg = Release|Any CPU
		{BCEEC93A-ECA3-41E9-94BC-E47E0EE80654}.Release|Any CPU.Build.0 = Release|Any CPU
		{35EB1C03-3A92-4E86-8A5B-1CEA58BE603B}.Debug|Any CPU.ActiveCfg = Debug|Any CPU
		{35EB1C03-3A92-4E86-8A5B-1CEA58BE603B}.Debug|Any CPU.Build.0 = Debug|Any CPU
		{35EB1C03-3A92-4E86-8A5B-1CEA58BE603B}.Release|Any CPU.ActiveCfg = Release|Any CPU
		{35EB1C03-3A92-4E86-8A5B-1CEA58BE603B}.Release|Any CPU.Build.0 = Release|Any CPU
		{B0A595CB-232D-4DEA-B242-F080263CE79C}.Debug|Any CPU.ActiveCfg = Debug|Any CPU
		{B0A595CB-232D-4DEA-B242-F080263CE79C}.Debug|Any CPU.Build.0 = Debug|Any CPU
		{B0A595CB-232D-4DEA-B242-F080263CE79C}.Release|Any CPU.ActiveCfg = Release|Any CPU
		{B0A595CB-232D-4DEA-B242-F080263CE79C}.Release|Any CPU.Build.0 = Release|Any CPU
		{78F0313C-0E10-491B-BE19-0AB64B743E7E}.Debug|Any CPU.ActiveCfg = Debug|Any CPU
		{78F0313C-0E10-491B-BE19-0AB64B743E7E}.Debug|Any CPU.Build.0 = Debug|Any CPU
		{78F0313C-0E10-491B-BE19-0AB64B743E7E}.Release|Any CPU.ActiveCfg = Release|Any CPU
		{78F0313C-0E10-491B-BE19-0AB64B743E7E}.Release|Any CPU.Build.0 = Release|Any CPU
		{55CC9BBC-DDDD-4577-A1C7-45EA2B611C26}.Debug|Any CPU.ActiveCfg = Debug|Any CPU
		{55CC9BBC-DDDD-4577-A1C7-45EA2B611C26}.Debug|Any CPU.Build.0 = Debug|Any CPU
		{55CC9BBC-DDDD-4577-A1C7-45EA2B611C26}.Release|Any CPU.ActiveCfg = Release|Any CPU
		{55CC9BBC-DDDD-4577-A1C7-45EA2B611C26}.Release|Any CPU.Build.0 = Release|Any CPU
		{0430CFDE-506D-4B87-A564-D357A2BD8F0D}.Debug|Any CPU.ActiveCfg = Debug|Any CPU
		{0430CFDE-506D-4B87-A564-D357A2BD8F0D}.Debug|Any CPU.Build.0 = Debug|Any CPU
		{0430CFDE-506D-4B87-A564-D357A2BD8F0D}.Release|Any CPU.ActiveCfg = Release|Any CPU
		{0430CFDE-506D-4B87-A564-D357A2BD8F0D}.Release|Any CPU.Build.0 = Release|Any CPU
	EndGlobalSection
	GlobalSection(NestedProjects) = preSolution
		{9DAA3FDC-D3FA-4F00-AB54-876DE9657E87} = {86DBC081-CFDB-4FBF-9123-B82418024BFA}
		{65B69547-D711-413C-A4BF-60ED91B0FBFD} = {22C52158-ACF2-4BE9-866E-FC4DADF01B5F}
		{D28A3EA9-44AC-4B63-9571-0B8F0DB9EF1B} = {22C52158-ACF2-4BE9-866E-FC4DADF01B5F}
		{CA860342-DF56-4ACF-ADAC-E753946BB825} = {22C52158-ACF2-4BE9-866E-FC4DADF01B5F}
		{C0CFD1C4-85BD-4448-8A43-585AAEA7FA30} = {22C52158-ACF2-4BE9-866E-FC4DADF01B5F}
		{45E70EA8-BCCC-4107-8BC4-A7115A3A94CC} = {C0CFD1C4-85BD-4448-8A43-585AAEA7FA30}
		{1190B133-6336-4A71-8486-33ABB2B63505} = {C0CFD1C4-85BD-4448-8A43-585AAEA7FA30}
		{53EFC75A-5E34-4C22-86E0-75D01134ED7F} = {C0CFD1C4-85BD-4448-8A43-585AAEA7FA30}
		{E335BE34-8D0D-4F93-BC55-B6A19BCDDE47} = {0929A0FB-454B-4181-9C99-C0DDC6F40F9C}
		{2B3D8017-04E7-4286-BFA7-FA1DC12CFA26} = {86DBC081-CFDB-4FBF-9123-B82418024BFA}
		{9C1B5E4C-63F9-45E6-B99E-6BA81F9F8DA1} = {2B3D8017-04E7-4286-BFA7-FA1DC12CFA26}
		{94BEE761-935F-43C1-84A7-B3C94B6B859B} = {22C52158-ACF2-4BE9-866E-FC4DADF01B5F}
		{6ABB42E0-0E6B-47C2-8C4F-18C8BFD77C54} = {22C52158-ACF2-4BE9-866E-FC4DADF01B5F}
		{BCEEC93A-ECA3-41E9-94BC-E47E0EE80654} = {22C52158-ACF2-4BE9-866E-FC4DADF01B5F}
		{C31FF383-A7F0-49CD-B379-7D16017D55D7} = {0929A0FB-454B-4181-9C99-C0DDC6F40F9C}
		{35EB1C03-3A92-4E86-8A5B-1CEA58BE603B} = {86DBC081-CFDB-4FBF-9123-B82418024BFA}
		{B0A595CB-232D-4DEA-B242-F080263CE79C} = {C0CFD1C4-85BD-4448-8A43-585AAEA7FA30}
		{78F0313C-0E10-491B-BE19-0AB64B743E7E} = {0929A0FB-454B-4181-9C99-C0DDC6F40F9C}
		{55CC9BBC-DDDD-4577-A1C7-45EA2B611C26} = {86DBC081-CFDB-4FBF-9123-B82418024BFA}
		{0430CFDE-506D-4B87-A564-D357A2BD8F0D} = {0929A0FB-454B-4181-9C99-C0DDC6F40F9C}
	EndGlobalSection
EndGlobal
